
Microsoft Visual Studio Solution File, Format Version 12.00
# Visual Studio Version 17
VisualStudioVersion = 17.14.36511.14 d17.14
MinimumVisualStudioVersion = 10.0.40219.1
Project("{FAE04EC0-301F-11D3-BF4B-00C04F79EFBC}") = "Project_GarageManagement", "Project_GarageManagement\Project_GarageManagement.csproj", "{155B7436-06C1-418B-A5E2-7C259205A15E}"
EndProject
Global
	GlobalSection(SolutionConfigurationPlatforms) = preSolution
		Debug|Any CPU = Debug|Any CPU
		Release|Any CPU = Release|Any CPU
	EndGlobalSection
	GlobalSection(ProjectConfigurationPlatforms) = postSolution
		{155B7436-06C1-418B-A5E2-7C259205A15E}.Debug|Any CPU.ActiveCfg = Debug|Any CPU
		{155B7436-06C1-418B-A5E2-7C259205A15E}.Debug|Any CPU.Build.0 = Debug|Any CPU
		{155B7436-06C1-418B-A5E2-7C259205A15E}.Release|Any CPU.ActiveCfg = Release|Any CPU
		{155B7436-06C1-418B-A5E2-7C259205A15E}.Release|Any CPU.Build.0 = Release|Any CPU
	EndGlobalSection
	GlobalSection(SolutionProperties) = preSolution
		HideSolutionNode = FALSE
	EndGlobalSection
	GlobalSection(ExtensibilityGlobals) = postSolution
		SolutionGuid = {F2D3E5CA-D786-49CA-9694-F17648E117FA}
	EndGlobalSection
EndGlobal
